
Microsoft Visual Studio Solution File, Format Version 12.00
# Visual Studio 15
VisualStudioVersion = 15.0.26730.16
MinimumVisualStudioVersion = 10.0.40219.1
Project("{FAE04EC0-301F-11D3-BF4B-00C04F79EFBC}") = "JankyUI", "JankyUI\JankyUI.csproj", "{CE04ED67-F5BA-4BC9-8B17-381D01D417AB}"
EndProject
Project("{FAE04EC0-301F-11D3-BF4B-00C04F79EFBC}") = "JankyUI.Tests", "JankyUI.Tests\JankyUI.Tests.csproj", "{2E69BC5D-5FB3-43D1-8F8D-59790141FC89}"
EndProject
Global
	GlobalSection(SolutionConfigurationPlatforms) = preSolution
		Debug - Mock|Any CPU = Debug - Mock|Any CPU
		Debug|Any CPU = Debug|Any CPU
		Jenkins|Any CPU = Jenkins|Any CPU
		Release|Any CPU = Release|Any CPU
	EndGlobalSection
	GlobalSection(ProjectConfigurationPlatforms) = postSolution
		{CE04ED67-F5BA-4BC9-8B17-381D01D417AB}.Debug - Mock|Any CPU.ActiveCfg = Debug - Mock|Any CPU
		{CE04ED67-F5BA-4BC9-8B17-381D01D417AB}.Debug - Mock|Any CPU.Build.0 = Debug - Mock|Any CPU
		{CE04ED67-F5BA-4BC9-8B17-381D01D417AB}.Debug|Any CPU.ActiveCfg = Debug|Any CPU
		{CE04ED67-F5BA-4BC9-8B17-381D01D417AB}.Debug|Any CPU.Build.0 = Debug|Any CPU
		{CE04ED67-F5BA-4BC9-8B17-381D01D417AB}.Jenkins|Any CPU.ActiveCfg = Release|Any CPU
		{CE04ED67-F5BA-4BC9-8B17-381D01D417AB}.Jenkins|Any CPU.Build.0 = Release|Any CPU
		{CE04ED67-F5BA-4BC9-8B17-381D01D417AB}.Release|Any CPU.ActiveCfg = Release|Any CPU
		{CE04ED67-F5BA-4BC9-8B17-381D01D417AB}.Release|Any CPU.Build.0 = Release|Any CPU
		{2E69BC5D-5FB3-43D1-8F8D-59790141FC89}.Debug - Mock|Any CPU.ActiveCfg = Debug|Any CPU
		{2E69BC5D-5FB3-43D1-8F8D-59790141FC89}.Debug - Mock|Any CPU.Build.0 = Debug|Any CPU
		{2E69BC5D-5FB3-43D1-8F8D-59790141FC89}.Debug|Any CPU.ActiveCfg = Debug|Any CPU
		{2E69BC5D-5FB3-43D1-8F8D-59790141FC89}.Debug|Any CPU.Build.0 = Debug|Any CPU
		{2E69BC5D-5FB3-43D1-8F8D-59790141FC89}.Jenkins|Any CPU.ActiveCfg = Release|Any CPU
		{2E69BC5D-5FB3-43D1-8F8D-59790141FC89}.Release|Any CPU.ActiveCfg = Release|Any CPU
		{2E69BC5D-5FB3-43D1-8F8D-59790141FC89}.Release|Any CPU.Build.0 = Release|Any CPU
	EndGlobalSection
	GlobalSection(SolutionProperties) = preSolution
		HideSolutionNode = FALSE
	EndGlobalSection
	GlobalSection(ExtensibilityGlobals) = postSolution
		SolutionGuid = {E7029ADC-A738-45E4-B913-47C3F12C19F9}
	EndGlobalSection
EndGlobal
